// !$*UTF8*$!
{
	archiveVersion = 1;
	classes = {
	};
	objectVersion = 46;
	objects = {

/* Begin PBXBuildFile section */
		8C931821192E1F8D00F4BDF5 /* MemoryBlock.m in Sources */ = {isa = PBXBuildFile; fileRef = 8C931820192E1F8D00F4BDF5 /* MemoryBlock.m */; };
		8CEF474B192B831C009BD4F6 /* Foundation.framework in Frameworks */ = {isa = PBXBuildFile; fileRef = 8CEF474A192B831C009BD4F6 /* Foundation.framework */; };
		8CEF474D192B831C009BD4F6 /* CoreGraphics.framework in Frameworks */ = {isa = PBXBuildFile; fileRef = 8CEF474C192B831C009BD4F6 /* CoreGraphics.framework */; };
		8CEF474F192B831C009BD4F6 /* UIKit.framework in Frameworks */ = {isa = PBXBuildFile; fileRef = 8CEF474E192B831C009BD4F6 /* UIKit.framework */; };
		8CEF4755192B831C009BD4F6 /* InfoPlist.strings in Resources */ = {isa = PBXBuildFile; fileRef = 8CEF4753192B831C009BD4F6 /* InfoPlist.strings */; };
		8CEF4757192B831C009BD4F6 /* main.m in Sources */ = {isa = PBXBuildFile; fileRef = 8CEF4756192B831C009BD4F6 /* main.m */; };
		8CEF475B192B831D009BD4F6 /* OSAppDelegate.m in Sources */ = {isa = PBXBuildFile; fileRef = 8CEF475A192B831D009BD4F6 /* OSAppDelegate.m */; };
		8CEF475E192B831D009BD4F6 /* Main.storyboard in Resources */ = {isa = PBXBuildFile; fileRef = 8CEF475C192B831D009BD4F6 /* Main.storyboard */; };
		8CEF4761192B831D009BD4F6 /* OSViewController.m in Sources */ = {isa = PBXBuildFile; fileRef = 8CEF4760192B831D009BD4F6 /* OSViewController.m */; };
		8CEF4763192B831D009BD4F6 /* Images.xcassets in Resources */ = {isa = PBXBuildFile; fileRef = 8CEF4762192B831D009BD4F6 /* Images.xcassets */; };
		8CEF476A192B831D009BD4F6 /* XCTest.framework in Frameworks */ = {isa = PBXBuildFile; fileRef = 8CEF4769192B831D009BD4F6 /* XCTest.framework */; };
		8CEF476B192B831D009BD4F6 /* Foundation.framework in Frameworks */ = {isa = PBXBuildFile; fileRef = 8CEF474A192B831C009BD4F6 /* Foundation.framework */; };
		8CEF476C192B831D009BD4F6 /* UIKit.framework in Frameworks */ = {isa = PBXBuildFile; fileRef = 8CEF474E192B831C009BD4F6 /* UIKit.framework */; };
		8CEF4774192B831D009BD4F6 /* InfoPlist.strings in Resources */ = {isa = PBXBuildFile; fileRef = 8CEF4772192B831D009BD4F6 /* InfoPlist.strings */; };
		8CEF4776192B831D009BD4F6 /* ____Tests.m in Sources */ = {isa = PBXBuildFile; fileRef = 8CEF4775192B831D009BD4F6 /* ____Tests.m */; };
		8CEF4781192B89BA009BD4F6 /* NewOrders.m in Sources */ = {isa = PBXBuildFile; fileRef = 8CEF4780192B89BA009BD4F6 /* NewOrders.m */; };
/* End PBXBuildFile section */

/* Begin PBXContainerItemProxy section */
		8CEF476D192B831D009BD4F6 /* PBXContainerItemProxy */ = {
			isa = PBXContainerItemProxy;
			containerPortal = 8CEF473F192B831C009BD4F6 /* Project object */;
			proxyType = 1;
			remoteGlobalIDString = 8CEF4746192B831C009BD4F6;
			remoteInfo = "内存管理";
		};
/* End PBXContainerItemProxy section */

/* Begin PBXFileReference section */
		8C93181F192E1F8D00F4BDF5 /* MemoryBlock.h */ = {isa = PBXFileReference; fileEncoding = 4; lastKnownFileType = sourcecode.c.h; path = MemoryBlock.h; sourceTree = "<group>"; };
		8C931820192E1F8D00F4BDF5 /* MemoryBlock.m */ = {isa = PBXFileReference; fileEncoding = 4; lastKnownFileType = sourcecode.c.objc; path = MemoryBlock.m; sourceTree = "<group>"; };
		8CEF4747192B831C009BD4F6 /* 内存管理.app */ = {isa = PBXFileReference; explicitFileType = wrapper.application; includeInIndex = 0; path = "内存管理.app"; sourceTree = BUILT_PRODUCTS_DIR; };
		8CEF474A192B831C009BD4F6 /* Foundation.framework */ = {isa = PBXFileReference; lastKnownFileType = wrapper.framework; name = Foundation.framework; path = System/Library/Frameworks/Foundation.framework; sourceTree = SDKROOT; };
		8CEF474C192B831C009BD4F6 /* CoreGraphics.framework */ = {isa = PBXFileReference; lastKnownFileType = wrapper.framework; name = CoreGraphics.framework; path = System/Library/Frameworks/CoreGraphics.framework; sourceTree = SDKROOT; };
		8CEF474E192B831C009BD4F6 /* UIKit.framework */ = {isa = PBXFileReference; lastKnownFileType = wrapper.framework; name = UIKit.framework; path = System/Library/Frameworks/UIKit.framework; sourceTree = SDKROOT; };
		8CEF4752192B831C009BD4F6 /* 内存管理-Info.plist */ = {isa = PBXFileReference; lastKnownFileType = text.plist.xml; path = "内存管理-Info.plist"; sourceTree = "<group>"; };
		8CEF4754192B831C009BD4F6 /* en */ = {isa = PBXFileReference; lastKnownFileType = text.plist.strings; name = en; path = en.lproj/InfoPlist.strings; sourceTree = "<group>"; };
		8CEF4756192B831C009BD4F6 /* main.m */ = {isa = PBXFileReference; lastKnownFileType = sourcecode.c.objc; path = main.m; sourceTree = "<group>"; };
		8CEF4758192B831D009BD4F6 /* 内存管理-Prefix.pch */ = {isa = PBXFileReference; lastKnownFileType = sourcecode.c.h; path = "内存管理-Prefix.pch"; sourceTree = "<group>"; };
		8CEF4759192B831D009BD4F6 /* OSAppDelegate.h */ = {isa = PBXFileReference; lastKnownFileType = sourcecode.c.h; path = OSAppDelegate.h; sourceTree = "<group>"; };
		8CEF475A192B831D009BD4F6 /* OSAppDelegate.m */ = {isa = PBXFileReference; lastKnownFileType = sourcecode.c.objc; path = OSAppDelegate.m; sourceTree = "<group>"; };
		8CEF475D192B831D009BD4F6 /* Base */ = {isa = PBXFileReference; lastKnownFileType = file.storyboard; name = Base; path = Base.lproj/Main.storyboard; sourceTree = "<group>"; };
		8CEF475F192B831D009BD4F6 /* OSViewController.h */ = {isa = PBXFileReference; lastKnownFileType = sourcecode.c.h; path = OSViewController.h; sourceTree = "<group>"; };
		8CEF4760192B831D009BD4F6 /* OSViewController.m */ = {isa = PBXFileReference; lastKnownFileType = sourcecode.c.objc; path = OSViewController.m; sourceTree = "<group>"; };
		8CEF4762192B831D009BD4F6 /* Images.xcassets */ = {isa = PBXFileReference; lastKnownFileType = folder.assetcatalog; path = Images.xcassets; sourceTree = "<group>"; };
		8CEF4768192B831D009BD4F6 /* 内存管理Tests.xctest */ = {isa = PBXFileReference; explicitFileType = wrapper.cfbundle; includeInIndex = 0; path = "内存管理Tests.xctest"; sourceTree = BUILT_PRODUCTS_DIR; };
		8CEF4769192B831D009BD4F6 /* XCTest.framework */ = {isa = PBXFileReference; lastKnownFileType = wrapper.framework; name = XCTest.framework; path = Library/Frameworks/XCTest.framework; sourceTree = DEVELOPER_DIR; };
		8CEF4771192B831D009BD4F6 /* 内存管理Tests-Info.plist */ = {isa = PBXFileReference; lastKnownFileType = text.plist.xml; path = "内存管理Tests-Info.plist"; sourceTree = "<group>"; };
		8CEF4773192B831D009BD4F6 /* en */ = {isa = PBXFileReference; lastKnownFileType = text.plist.strings; name = en; path = en.lproj/InfoPlist.strings; sourceTree = "<group>"; };
		8CEF4775192B831D009BD4F6 /* ____Tests.m */ = {isa = PBXFileReference; lastKnownFileType = sourcecode.c.objc; path = "____Tests.m"; sourceTree = "<group>"; };
		8CEF477F192B89BA009BD4F6 /* NewOrders.h */ = {isa = PBXFileReference; fileEncoding = 4; lastKnownFileType = sourcecode.c.h; path = NewOrders.h; sourceTree = "<group>"; };
		8CEF4780192B89BA009BD4F6 /* NewOrders.m */ = {isa = PBXFileReference; fileEncoding = 4; lastKnownFileType = sourcecode.c.objc; path = NewOrders.m; sourceTree = "<group>"; };
/* End PBXFileReference section */

/* Begin PBXFrameworksBuildPhase section */
		8CEF4744192B831C009BD4F6 /* Frameworks */ = {
			isa = PBXFrameworksBuildPhase;
			buildActionMask = 2147483647;
			files = (
				8CEF474D192B831C009BD4F6 /* CoreGraphics.framework in Frameworks */,
				8CEF474F192B831C009BD4F6 /* UIKit.framework in Frameworks */,
				8CEF474B192B831C009BD4F6 /* Foundation.framework in Frameworks */,
			);
			runOnlyForDeploymentPostprocessing = 0;
		};
		8CEF4765192B831D009BD4F6 /* Frameworks */ = {
			isa = PBXFrameworksBuildPhase;
			buildActionMask = 2147483647;
			files = (
				8CEF476A192B831D009BD4F6 /* XCTest.framework in Frameworks */,
				8CEF476C192B831D009BD4F6 /* UIKit.framework in Frameworks */,
				8CEF476B192B831D009BD4F6 /* Foundation.framework in Frameworks */,
			);
			runOnlyForDeploymentPostprocessing = 0;
		};
/* End PBXFrameworksBuildPhase section */

/* Begin PBXGroup section */
		8CEF473E192B831C009BD4F6 = {
			isa = PBXGroup;
			children = (
				8CEF4750192B831C009BD4F6 /* 内存管理 */,
				8CEF476F192B831D009BD4F6 /* 内存管理Tests */,
				8CEF4749192B831C009BD4F6 /* Frameworks */,
				8CEF4748192B831C009BD4F6 /* Products */,
			);
			sourceTree = "<group>";
		};
		8CEF4748192B831C009BD4F6 /* Products */ = {
			isa = PBXGroup;
			children = (
				8CEF4747192B831C009BD4F6 /* 内存管理.app */,
				8CEF4768192B831D009BD4F6 /* 内存管理Tests.xctest */,
			);
			name = Products;
			sourceTree = "<group>";
		};
		8CEF4749192B831C009BD4F6 /* Frameworks */ = {
			isa = PBXGroup;
			children = (
				8CEF474A192B831C009BD4F6 /* Foundation.framework */,
				8CEF474C192B831C009BD4F6 /* CoreGraphics.framework */,
				8CEF474E192B831C009BD4F6 /* UIKit.framework */,
				8CEF4769192B831D009BD4F6 /* XCTest.framework */,
			);
			name = Frameworks;
			sourceTree = "<group>";
		};
		8CEF4750192B831C009BD4F6 /* 内存管理 */ = {
			isa = PBXGroup;
			children = (
				8CEF4759192B831D009BD4F6 /* OSAppDelegate.h */,
				8CEF475A192B831D009BD4F6 /* OSAppDelegate.m */,
				8CEF475C192B831D009BD4F6 /* Main.storyboard */,
				8C93181F192E1F8D00F4BDF5 /* MemoryBlock.h */,
				8C931820192E1F8D00F4BDF5 /* MemoryBlock.m */,
				8CEF477F192B89BA009BD4F6 /* NewOrders.h */,
				8CEF4780192B89BA009BD4F6 /* NewOrders.m */,
				8CEF475F192B831D009BD4F6 /* OSViewController.h */,
				8CEF4760192B831D009BD4F6 /* OSViewController.m */,
				8CEF4762192B831D009BD4F6 /* Images.xcassets */,
				8CEF4751192B831C009BD4F6 /* Supporting Files */,
			);
			path = "内存管理";
			sourceTree = "<group>";
		};
		8CEF4751192B831C009BD4F6 /* Supporting Files */ = {
			isa = PBXGroup;
			children = (
				8CEF4752192B831C009BD4F6 /* 内存管理-Info.plist */,
				8CEF4753192B831C009BD4F6 /* InfoPlist.strings */,
				8CEF4756192B831C009BD4F6 /* main.m */,
				8CEF4758192B831D009BD4F6 /* 内存管理-Prefix.pch */,
			);
			name = "Supporting Files";
			sourceTree = "<group>";
		};
		8CEF476F192B831D009BD4F6 /* 内存管理Tests */ = {
			isa = PBXGroup;
			children = (
				8CEF4775192B831D009BD4F6 /* ____Tests.m */,
				8CEF4770192B831D009BD4F6 /* Supporting Files */,
			);
			path = "内存管理Tests";
			sourceTree = "<group>";
		};
		8CEF4770192B831D009BD4F6 /* Supporting Files */ = {
			isa = PBXGroup;
			children = (
				8CEF4771192B831D009BD4F6 /* 内存管理Tests-Info.plist */,
				8CEF4772192B831D009BD4F6 /* InfoPlist.strings */,
			);
			name = "Supporting Files";
			sourceTree = "<group>";
		};
/* End PBXGroup section */

/* Begin PBXNativeTarget section */
		8CEF4746192B831C009BD4F6 /* 内存管理 */ = {
			isa = PBXNativeTarget;
			buildConfigurationList = 8CEF4779192B831D009BD4F6 /* Build configuration list for PBXNativeTarget "内存管理" */;
			buildPhases = (
				8CEF4743192B831C009BD4F6 /* Sources */,
				8CEF4744192B831C009BD4F6 /* Frameworks */,
				8CEF4745192B831C009BD4F6 /* Resources */,
			);
			buildRules = (
			);
			dependencies = (
			);
			name = "内存管理";
			productName = "内存管理";
			productReference = 8CEF4747192B831C009BD4F6 /* 内存管理.app */;
			productType = "com.apple.product-type.application";
		};
		8CEF4767192B831D009BD4F6 /* 内存管理Tests */ = {
			isa = PBXNativeTarget;
			buildConfigurationList = 8CEF477C192B831D009BD4F6 /* Build configuration list for PBXNativeTarget "内存管理Tests" */;
			buildPhases = (
				8CEF4764192B831D009BD4F6 /* Sources */,
				8CEF4765192B831D009BD4F6 /* Frameworks */,
				8CEF4766192B831D009BD4F6 /* Resources */,
			);
			buildRules = (
			);
			dependencies = (
				8CEF476E192B831D009BD4F6 /* PBXTargetDependency */,
			);
			name = "内存管理Tests";
			productName = "内存管理Tests";
			productReference = 8CEF4768192B831D009BD4F6 /* 内存管理Tests.xctest */;
			productType = "com.apple.product-type.bundle.unit-test";
		};
/* End PBXNativeTarget section */

/* Begin PBXProject section */
		8CEF473F192B831C009BD4F6 /* Project object */ = {
			isa = PBXProject;
			attributes = {
				CLASSPREFIX = OS;
				LastUpgradeCheck = 0510;
				ORGANIZATIONNAME = "___FULLUSERNAME___";
				TargetAttributes = {
					8CEF4767192B831D009BD4F6 = {
						TestTargetID = 8CEF4746192B831C009BD4F6;
					};
				};
			};
			buildConfigurationList = 8CEF4742192B831C009BD4F6 /* Build configuration list for PBXProject "内存管理" */;
			compatibilityVersion = "Xcode 3.2";
			developmentRegion = English;
			hasScannedForEncodings = 0;
			knownRegions = (
				en,
				Base,
			);
			mainGroup = 8CEF473E192B831C009BD4F6;
			productRefGroup = 8CEF4748192B831C009BD4F6 /* Products */;
			projectDirPath = "";
			projectRoot = "";
			targets = (
				8CEF4746192B831C009BD4F6 /* 内存管理 */,
				8CEF4767192B831D009BD4F6 /* 内存管理Tests */,
			);
		};
/* End PBXProject section */

/* Begin PBXResourcesBuildPhase section */
		8CEF4745192B831C009BD4F6 /* Resources */ = {
			isa = PBXResourcesBuildPhase;
			buildActionMask = 2147483647;
			files = (
				8CEF4763192B831D009BD4F6 /* Images.xcassets in Resources */,
				8CEF4755192B831C009BD4F6 /* InfoPlist.strings in Resources */,
				8CEF475E192B831D009BD4F6 /* Main.storyboard in Resources */,
			);
			runOnlyForDeploymentPostprocessing = 0;
		};
		8CEF4766192B831D009BD4F6 /* Resources */ = {
			isa = PBXResourcesBuildPhase;
			buildActionMask = 2147483647;
			files = (
				8CEF4774192B831D009BD4F6 /* InfoPlist.strings in Resources */,
			);
			runOnlyForDeploymentPostprocessing = 0;
		};
/* End PBXResourcesBuildPhase section */

/* Begin PBXSourcesBuildPhase section */
		8CEF4743192B831C009BD4F6 /* Sources */ = {
			isa = PBXSourcesBuildPhase;
			buildActionMask = 2147483647;
			files = (
				8CEF475B192B831D009BD4F6 /* OSAppDelegate.m in Sources */,
				8C931821192E1F8D00F4BDF5 /* MemoryBlock.m in Sources */,
				8CEF4757192B831C009BD4F6 /* main.m in Sources */,
				8CEF4761192B831D009BD4F6 /* OSViewController.m in Sources */,
				8CEF4781192B89BA009BD4F6 /* NewOrders.m in Sources */,
			);
			runOnlyForDeploymentPostprocessing = 0;
		};
		8CEF4764192B831D009BD4F6 /* Sources */ = {
			isa = PBXSourcesBuildPhase;
			buildActionMask = 2147483647;
			files = (
				8CEF4776192B831D009BD4F6 /* ____Tests.m in Sources */,
			);
			runOnlyForDeploymentPostprocessing = 0;
		};
/* End PBXSourcesBuildPhase section */

/* Begin PBXTargetDependency section */
		8CEF476E192B831D009BD4F6 /* PBXTargetDependency */ = {
			isa = PBXTargetDependency;
			target = 8CEF4746192B831C009BD4F6 /* 内存管理 */;
			targetProxy = 8CEF476D192B831D009BD4F6 /* PBXContainerItemProxy */;
		};
/* End PBXTargetDependency section */

/* Begin PBXVariantGroup section */
		8CEF4753192B831C009BD4F6 /* InfoPlist.strings */ = {
			isa = PBXVariantGroup;
			children = (
				8CEF4754192B831C009BD4F6 /* en */,
			);
			name = InfoPlist.strings;
			sourceTree = "<group>";
		};
		8CEF475C192B831D009BD4F6 /* Main.storyboard */ = {
			isa = PBXVariantGroup;
			children = (
				8CEF475D192B831D009BD4F6 /* Base */,
			);
			name = Main.storyboard;
			sourceTree = "<group>";
		};
		8CEF4772192B831D009BD4F6 /* InfoPlist.strings */ = {
			isa = PBXVariantGroup;
			children = (
				8CEF4773192B831D009BD4F6 /* en */,
			);
			name = InfoPlist.strings;
			sourceTree = "<group>";
		};
/* End PBXVariantGroup section */

/* Begin XCBuildConfiguration section */
		8CEF4777192B831D009BD4F6 /* Debug */ = {
			isa = XCBuildConfiguration;
			buildSettings = {
				ALWAYS_SEARCH_USER_PATHS = NO;
				CLANG_CXX_LANGUAGE_STANDARD = "gnu++0x";
				CLANG_CXX_LIBRARY = "libc++";
				CLANG_ENABLE_MODULES = YES;
				CLANG_ENABLE_OBJC_ARC = YES;
				CLANG_WARN_BOOL_CONVERSION = YES;
				CLANG_WARN_CONSTANT_CONVERSION = YES;
				CLANG_WARN_DIRECT_OBJC_ISA_USAGE = YES_ERROR;
				CLANG_WARN_EMPTY_BODY = YES;
				CLANG_WARN_ENUM_CONVERSION = YES;
				CLANG_WARN_INT_CONVERSION = YES;
				CLANG_WARN_OBJC_ROOT_CLASS = YES_ERROR;
				CLANG_WARN__DUPLICATE_METHOD_MATCH = YES;
				"CODE_SIGN_IDENTITY[sdk=iphoneos*]" = "iPhone Developer";
				COPY_PHASE_STRIP = NO;
				GCC_C_LANGUAGE_STANDARD = gnu99;
				GCC_DYNAMIC_NO_PIC = NO;
				GCC_OPTIMIZATION_LEVEL = 0;
				GCC_PREPROCESSOR_DEFINITIONS = (
					"DEBUG=1",
					"$(inherited)",
				);
				GCC_SYMBOLS_PRIVATE_EXTERN = NO;
				GCC_WARN_64_TO_32_BIT_CONVERSION = YES;
				GCC_WARN_ABOUT_RETURN_TYPE = YES_ERROR;
				GCC_WARN_UNDECLARED_SELECTOR = YES;
				GCC_WARN_UNINITIALIZED_AUTOS = YES_AGGRESSIVE;
				GCC_WARN_UNUSED_FUNCTION = YES;
				GCC_WARN_UNUSED_VARIABLE = YES;
				IPHONEOS_DEPLOYMENT_TARGET = 7.1;
				ONLY_ACTIVE_ARCH = YES;
				SDKROOT = iphoneos;
			};
			name = Debug;
		};
		8CEF4778192B831D009BD4F6 /* Release */ = {
			isa = XCBuildConfiguration;
			buildSettings = {
				ALWAYS_SEARCH_USER_PATHS = NO;
				CLANG_CXX_LANGUAGE_STANDARD = "gnu++0x";
				CLANG_CXX_LIBRARY = "libc++";
				CLANG_ENABLE_MODULES = YES;
				CLANG_ENABLE_OBJC_ARC = YES;
				CLANG_WARN_BOOL_CONVERSION = YES;
				CLANG_WARN_CONSTANT_CONVERSION = YES;
				CLANG_WARN_DIRECT_OBJC_ISA_USAGE = YES_ERROR;
				CLANG_WARN_EMPTY_BODY = YES;
				CLANG_WARN_ENUM_CONVERSION = YES;
				CLANG_WARN_INT_CONVERSION = YES;
				CLANG_WARN_OBJC_ROOT_CLASS = YES_ERROR;
				CLANG_WARN__DUPLICATE_METHOD_MATCH = YES;
				"CODE_SIGN_IDENTITY[sdk=iphoneos*]" = "iPhone Developer";
				COPY_PHASE_STRIP = YES;
				ENABLE_NS_ASSERTIONS = NO;
				GCC_C_LANGUAGE_STANDARD = gnu99;
				GCC_WARN_64_TO_32_BIT_CONVERSION = YES;
				GCC_WARN_ABOUT_RETURN_TYPE = YES_ERROR;
				GCC_WARN_UNDECLARED_SELECTOR = YES;
				GCC_WARN_UNINITIALIZED_AUTOS = YES_AGGRESSIVE;
				GCC_WARN_UNUSED_FUNCTION = YES;
				GCC_WARN_UNUSED_VARIABLE = YES;
				IPHONEOS_DEPLOYMENT_TARGET = 7.1;
				SDKROOT = iphoneos;
				VALIDATE_PRODUCT = YES;
			};
			name = Release;
		};
		8CEF477A192B831D009BD4F6 /* Debug */ = {
			isa = XCBuildConfiguration;
			buildSettings = {
				ASSETCATALOG_COMPILER_APPICON_NAME = AppIcon;
				ASSETCATALOG_COMPILER_LAUNCHIMAGE_NAME = LaunchImage;
				GCC_PRECOMPILE_PREFIX_HEADER = YES;
				GCC_PREFIX_HEADER = "内存管理/内存管理-Prefix.pch";
				INFOPLIST_FILE = "内存管理/内存管理-Info.plist";
				IPHONEOS_DEPLOYMENT_TARGET = 7.1;
				PRODUCT_NAME = "$(TARGET_NAME)";
				TARGETED_DEVICE_FAMILY = 1;
				WRAPPER_EXTENSION = app;
			};
			name = Debug;
		};
		8CEF477B192B831D009BD4F6 /* Release */ = {
			isa = XCBuildConfiguration;
			buildSettings = {
				ASSETCATALOG_COMPILER_APPICON_NAME = AppIcon;
				ASSETCATALOG_COMPILER_LAUNCHIMAGE_NAME = LaunchImage;
				GCC_PRECOMPILE_PREFIX_HEADER = YES;
				GCC_PREFIX_HEADER = "内存管理/内存管理-Prefix.pch";
				INFOPLIST_FILE = "内存管理/内存管理-Info.plist";
				IPHONEOS_DEPLOYMENT_TARGET = 7.1;
				PRODUCT_NAME = "$(TARGET_NAME)";
				TARGETED_DEVICE_FAMILY = 1;
				WRAPPER_EXTENSION = app;
			};
			name = Release;
		};
		8CEF477D192B831D009BD4F6 /* Debug */ = {
			isa = XCBuildConfiguration;
			buildSettings = {
				BUNDLE_LOADER = "$(BUILT_PRODUCTS_DIR)/内存管理.app/内存管理";
				FRAMEWORK_SEARCH_PATHS = (
					"$(SDKROOT)/Developer/Library/Frameworks",
					"$(inherited)",
					"$(DEVELOPER_FRAMEWORKS_DIR)",
				);
				GCC_PRECOMPILE_PREFIX_HEADER = YES;
				GCC_PREFIX_HEADER = "内存管理/内存管理-Prefix.pch";
				GCC_PREPROCESSOR_DEFINITIONS = (
					"DEBUG=1",
					"$(inherited)",
				);
				INFOPLIST_FILE = "内存管理Tests/内存管理Tests-Info.plist";
				PRODUCT_NAME = "$(TARGET_NAME)";
				TEST_HOST = "$(BUNDLE_LOADER)";
				WRAPPER_EXTENSION = xctest;
			};
			name = Debug;
		};
		8CEF477E192B831D009BD4F6 /* Release */ = {
			isa = XCBuildConfiguration;
			buildSettings = {
				BUNDLE_LOADER = "$(BUILT_PRODUCTS_DIR)/内存管理.app/内存管理";
				FRAMEWORK_SEARCH_PATHS = (
					"$(SDKROOT)/Developer/Library/Frameworks",
					"$(inherited)",
					"$(DEVELOPER_FRAMEWORKS_DIR)",
				);
				GCC_PRECOMPILE_PREFIX_HEADER = YES;
				GCC_PREFIX_HEADER = "内存管理/内存管理-Prefix.pch";
				INFOPLIST_FILE = "内存管理Tests/内存管理Tests-Info.plist";
				PRODUCT_NAME = "$(TARGET_NAME)";
				TEST_HOST = "$(BUNDLE_LOADER)";
				WRAPPER_EXTENSION = xctest;
			};
			name = Release;
		};
/* End XCBuildConfiguration section */

/* Begin XCConfigurationList section */
		8CEF4742192B831C009BD4F6 /* Build configuration list for PBXProject "内存管理" */ = {
			isa = XCConfigurationList;
			buildConfigurations = (
				8CEF4777192B831D009BD4F6 /* Debug */,
				8CEF4778192B831D009BD4F6 /* Release */,
			);
			defaultConfigurationIsVisible = 0;
			defaultConfigurationName = Release;
		};
		8CEF4779192B831D009BD4F6 /* Build configuration list for PBXNativeTarget "内存管理" */ = {
			isa = XCConfigurationList;
			buildConfigurations = (
				8CEF477A192B831D009BD4F6 /* Debug */,
				8CEF477B192B831D009BD4F6 /* Release */,
			);
			defaultConfigurationIsVisible = 0;
			defaultConfigurationName = Release;
		};
		8CEF477C192B831D009BD4F6 /* Build configuration list for PBXNativeTarget "内存管理Tests" */ = {
			isa = XCConfigurationList;
			buildConfigurations = (
				8CEF477D192B831D009BD4F6 /* Debug */,
				8CEF477E192B831D009BD4F6 /* Release */,
			);
			defaultConfigurationIsVisible = 0;
			defaultConfigurationName = Release;
		};
/* End XCConfigurationList section */
	};
	rootObject = 8CEF473F192B831C009BD4F6 /* Project object */;
}
